
Microsoft Visual Studio Solution File, Format Version 12.00
# Visual Studio 15
VisualStudioVersion = 15.0.28307.329
MinimumVisualStudioVersion = 10.0.40219.1
Project("{FAE04EC0-301F-11D3-BF4B-00C04F79EFBC}") = "helloworld", "helloworld\helloworld.csproj", "{F1E02ADE-2494-45C3-8244-C4EB89DBD6C2}"
EndProject
Project("{FAE04EC0-301F-11D3-BF4B-00C04F79EFBC}") = "task1", "task1\task1.csproj", "{087B928B-4B8E-4E45-AB9A-7E4938B3776C}"
EndProject
Project("{FAE04EC0-301F-11D3-BF4B-00C04F79EFBC}") = "task4", "task4\task4.csproj", "{E7782E83-E9BD-4ED2-8DA5-F88DC8A19A6B}"
EndProject
Project("{FAE04EC0-301F-11D3-BF4B-00C04F79EFBC}") = "task2", "task2\task2.csproj", "{5FDDB7D6-8CBD-4FAC-89C3-4749D6D48966}"
EndProject
Project("{FAE04EC0-301F-11D3-BF4B-00C04F79EFBC}") = "task3", "task3\task3.csproj", "{CBCA89BB-82E4-4E89-A10F-A66FB6648E2D}"
EndProject
Global
	GlobalSection(SolutionConfigurationPlatforms) = preSolution
		Debug|Any CPU = Debug|Any CPU
		Release|Any CPU = Release|Any CPU
	EndGlobalSection
	GlobalSection(ProjectConfigurationPlatforms) = postSolution
		{F1E02ADE-2494-45C3-8244-C4EB89DBD6C2}.Debug|Any CPU.ActiveCfg = Debug|Any CPU
		{F1E02ADE-2494-45C3-8244-C4EB89DBD6C2}.Debug|Any CPU.Build.0 = Debug|Any CPU
		{F1E02ADE-2494-45C3-8244-C4EB89DBD6C2}.Release|Any CPU.ActiveCfg = Release|Any CPU
		{F1E02ADE-2494-45C3-8244-C4EB89DBD6C2}.Release|Any CPU.Build.0 = Release|Any CPU
		{087B928B-4B8E-4E45-AB9A-7E4938B3776C}.Debug|Any CPU.ActiveCfg = Debug|Any CPU
		{087B928B-4B8E-4E45-AB9A-7E4938B3776C}.Debug|Any CPU.Build.0 = Debug|Any CPU
		{087B928B-4B8E-4E45-AB9A-7E4938B3776C}.Release|Any CPU.ActiveCfg = Release|Any CPU
		{087B928B-4B8E-4E45-AB9A-7E4938B3776C}.Release|Any CPU.Build.0 = Release|Any CPU
		{E7782E83-E9BD-4ED2-8DA5-F88DC8A19A6B}.Debug|Any CPU.ActiveCfg = Debug|Any CPU
		{E7782E83-E9BD-4ED2-8DA5-F88DC8A19A6B}.Debug|Any CPU.Build.0 = Debug|Any CPU
		{E7782E83-E9BD-4ED2-8DA5-F88DC8A19A6B}.Release|Any CPU.ActiveCfg = Release|Any CPU
		{E7782E83-E9BD-4ED2-8DA5-F88DC8A19A6B}.Release|Any CPU.Build.0 = Release|Any CPU
		{5FDDB7D6-8CBD-4FAC-89C3-4749D6D48966}.Debug|Any CPU.ActiveCfg = Debug|Any CPU
		{5FDDB7D6-8CBD-4FAC-89C3-4749D6D48966}.Debug|Any CPU.Build.0 = Debug|Any CPU
		{5FDDB7D6-8CBD-4FAC-89C3-4749D6D48966}.Release|Any CPU.ActiveCfg = Release|Any CPU
		{5FDDB7D6-8CBD-4FAC-89C3-4749D6D48966}.Release|Any CPU.Build.0 = Release|Any CPU
		{CBCA89BB-82E4-4E89-A10F-A66FB6648E2D}.Debug|Any CPU.ActiveCfg = Debug|Any CPU
		{CBCA89BB-82E4-4E89-A10F-A66FB6648E2D}.Debug|Any CPU.Build.0 = Debug|Any CPU
		{CBCA89BB-82E4-4E89-A10F-A66FB6648E2D}.Release|Any CPU.ActiveCfg = Release|Any CPU
		{CBCA89BB-82E4-4E89-A10F-A66FB6648E2D}.Release|Any CPU.Build.0 = Release|Any CPU
	EndGlobalSection
	GlobalSection(SolutionProperties) = preSolution
		HideSolutionNode = FALSE
	EndGlobalSection
	GlobalSection(ExtensibilityGlobals) = postSolution
		SolutionGuid = {93A70D68-5973-4CD3-872D-AB9A7C83795E}
	EndGlobalSection
EndGlobal
